
Microsoft Visual Studio Solution File, Format Version 12.00
# Visual Studio Version 16
VisualStudioVersion = 16.0.28803.156
MinimumVisualStudioVersion = 10.0.40219.1
Project("{FAE04EC0-301F-11D3-BF4B-00C04F79EFBC}") = "TrabajoInformeXamarin.Android", "TrabajoInformeXamarin\TrabajoInformeXamarin.Android\TrabajoInformeXamarin.Android.csproj", "{C60E8680-E503-4CAD-83C2-83FE182502F0}"
EndProject
Project("{FAE04EC0-301F-11D3-BF4B-00C04F79EFBC}") = "TrabajoInformeXamarin.iOS", "TrabajoInformeXamarin\TrabajoInformeXamarin.iOS\TrabajoInformeXamarin.iOS.csproj", "{2D0BD597-DAD9-4845-8761-5DE8F8BA012A}"
EndProject
Project("{FAE04EC0-301F-11D3-BF4B-00C04F79EFBC}") = "TrabajoInformeXamarin", "TrabajoInformeXamarin\TrabajoInformeXamarin\TrabajoInformeXamarin.csproj", "{ACEE1D19-B35E-4112-A6A0-31FFE77D8B4C}"
EndProject
Global
	GlobalSection(SolutionConfigurationPlatforms) = preSolution
		Debug|Any CPU = Debug|Any CPU
		Debug|iPhone = Debug|iPhone
		Debug|iPhoneSimulator = Debug|iPhoneSimulator
		Release|Any CPU = Release|Any CPU
		Release|iPhone = Release|iPhone
		Release|iPhoneSimulator = Release|iPhoneSimulator
	EndGlobalSection
	GlobalSection(ProjectConfigurationPlatforms) = postSolution
		{C60E8680-E503-4CAD-83C2-83FE182502F0}.Debug|Any CPU.ActiveCfg = Debug|Any CPU
		{C60E8680-E503-4CAD-83C2-83FE182502F0}.Debug|Any CPU.Build.0 = Debug|Any CPU
		{C60E8680-E503-4CAD-83C2-83FE182502F0}.Debug|Any CPU.Deploy.0 = Debug|Any CPU
		{C60E8680-E503-4CAD-83C2-83FE182502F0}.Debug|iPhone.ActiveCfg = Debug|Any CPU
		{C60E8680-E503-4CAD-83C2-83FE182502F0}.Debug|iPhone.Build.0 = Debug|Any CPU
		{C60E8680-E503-4CAD-83C2-83FE182502F0}.Debug|iPhone.Deploy.0 = Debug|Any CPU
		{C60E8680-E503-4CAD-83C2-83FE182502F0}.Debug|iPhoneSimulator.ActiveCfg = Debug|Any CPU
		{C60E8680-E503-4CAD-83C2-83FE182502F0}.Debug|iPhoneSimulator.Build.0 = Debug|Any CPU
		{C60E8680-E503-4CAD-83C2-83FE182502F0}.Debug|iPhoneSimulator.Deploy.0 = Debug|Any CPU
		{C60E8680-E503-4CAD-83C2-83FE182502F0}.Release|Any CPU.ActiveCfg = Release|Any CPU
		{C60E8680-E503-4CAD-83C2-83FE182502F0}.Release|Any CPU.Build.0 = Release|Any CPU
		{C60E8680-E503-4CAD-83C2-83FE182502F0}.Release|Any CPU.Deploy.0 = Release|Any CPU
		{C60E8680-E503-4CAD-83C2-83FE182502F0}.Release|iPhone.ActiveCfg = Release|Any CPU
		{C60E8680-E503-4CAD-83C2-83FE182502F0}.Release|iPhone.Build.0 = Release|Any CPU
		{C60E8680-E503-4CAD-83C2-83FE182502F0}.Release|iPhone.Deploy.0 = Release|Any CPU
		{C60E8680-E503-4CAD-83C2-83FE182502F0}.Release|iPhoneSimulator.ActiveCfg = Release|Any CPU
		{C60E8680-E503-4CAD-83C2-83FE182502F0}.Release|iPhoneSimulator.Build.0 = Release|Any CPU
		{C60E8680-E503-4CAD-83C2-83FE182502F0}.Release|iPhoneSimulator.Deploy.0 = Release|Any CPU
		{2D0BD597-DAD9-4845-8761-5DE8F8BA012A}.Debug|Any CPU.ActiveCfg = Debug|iPhoneSimulator
		{2D0BD597-DAD9-4845-8761-5DE8F8BA012A}.Debug|Any CPU.Build.0 = Debug|iPhoneSimulator
		{2D0BD597-DAD9-4845-8761-5DE8F8BA012A}.Debug|Any CPU.Deploy.0 = Debug|iPhoneSimulator
		{2D0BD597-DAD9-4845-8761-5DE8F8BA012A}.Debug|iPhone.ActiveCfg = Debug|iPhone
		{2D0BD597-DAD9-4845-8761-5DE8F8BA012A}.Debug|iPhone.Build.0 = Debug|iPhone
		{2D0BD597-DAD9-4845-8761-5DE8F8BA012A}.Debug|iPhone.Deploy.0 = Debug|iPhone
		{2D0BD597-DAD9-4845-8761-5DE8F8BA012A}.Debug|iPhoneSimulator.ActiveCfg = Debug|iPhoneSimulator
		{2D0BD597-DAD9-4845-8761-5DE8F8BA012A}.Debug|iPhoneSimulator.Build.0 = Debug|iPhoneSimulator
		{2D0BD597-DAD9-4845-8761-5DE8F8BA012A}.Debug|iPhoneSimulator.Deploy.0 = Debug|iPhoneSimulator
		{2D0BD597-DAD9-4845-8761-5DE8F8BA012A}.Release|Any CPU.ActiveCfg = Release|iPhone
		{2D0BD597-DAD9-4845-8761-5DE8F8BA012A}.Release|Any CPU.Build.0 = Release|iPhone
		{2D0BD597-DAD9-4845-8761-5DE8F8BA012A}.Release|Any CPU.Deploy.0 = Release|iPhone
		{2D0BD597-DAD9-4845-8761-5DE8F8BA012A}.Release|iPhone.ActiveCfg = Release|iPhone
		{2D0BD597-DAD9-4845-8761-5DE8F8BA012A}.Release|iPhone.Build.0 = Release|iPhone
		{2D0BD597-DAD9-4845-8761-5DE8F8BA012A}.Release|iPhone.Deploy.0 = Release|iPhone
		{2D0BD597-DAD9-4845-8761-5DE8F8BA012A}.Release|iPhoneSimulator.ActiveCfg = Release|iPhoneSimulator
		{2D0BD597-DAD9-4845-8761-5DE8F8BA012A}.Release|iPhoneSimulator.Build.0 = Release|iPhoneSimulator
		{2D0BD597-DAD9-4845-8761-5DE8F8BA012A}.Release|iPhoneSimulator.Deploy.0 = Release|iPhoneSimulator
		{ACEE1D19-B35E-4112-A6A0-31FFE77D8B4C}.Debug|Any CPU.ActiveCfg = Debug|Any CPU
		{ACEE1D19-B35E-4112-A6A0-31FFE77D8B4C}.Debug|Any CPU.Build.0 = Debug|Any CPU
		{ACEE1D19-B35E-4112-A6A0-31FFE77D8B4C}.Debug|Any CPU.Deploy.0 = Debug|Any CPU
		{ACEE1D19-B35E-4112-A6A0-31FFE77D8B4C}.Debug|iPhone.ActiveCfg = Debug|Any CPU
		{ACEE1D19-B35E-4112-A6A0-31FFE77D8B4C}.Debug|iPhone.Build.0 = Debug|Any CPU
		{ACEE1D19-B35E-4112-A6A0-31FFE77D8B4C}.Debug|iPhone.Deploy.0 = Debug|Any CPU
		{ACEE1D19-B35E-4112-A6A0-31FFE77D8B4C}.Debug|iPhoneSimulator.ActiveCfg = Debug|Any CPU
		{ACEE1D19-B35E-4112-A6A0-31FFE77D8B4C}.Debug|iPhoneSimulator.Build.0 = Debug|Any CPU
		{ACEE1D19-B35E-4112-A6A0-31FFE77D8B4C}.Debug|iPhoneSimulator.Deploy.0 = Debug|Any CPU
		{ACEE1D19-B35E-4112-A6A0-31FFE77D8B4C}.Release|Any CPU.ActiveCfg = Release|Any CPU
		{ACEE1D19-B35E-4112-A6A0-31FFE77D8B4C}.Release|Any CPU.Build.0 = Release|Any CPU
		{ACEE1D19-B35E-4112-A6A0-31FFE77D8B4C}.Release|Any CPU.Deploy.0 = Release|Any CPU
		{ACEE1D19-B35E-4112-A6A0-31FFE77D8B4C}.Release|iPhone.ActiveCfg = Release|Any CPU
		{ACEE1D19-B35E-4112-A6A0-31FFE77D8B4C}.Release|iPhone.Build.0 = Release|Any CPU
		{ACEE1D19-B35E-4112-A6A0-31FFE77D8B4C}.Release|iPhone.Deploy.0 = Release|Any CPU
		{ACEE1D19-B35E-4112-A6A0-31FFE77D8B4C}.Release|iPhoneSimulator.ActiveCfg = Release|Any CPU
		{ACEE1D19-B35E-4112-A6A0-31FFE77D8B4C}.Release|iPhoneSimulator.Build.0 = Release|Any CPU
		{ACEE1D19-B35E-4112-A6A0-31FFE77D8B4C}.Release|iPhoneSimulator.Deploy.0 = Release|Any CPU
	EndGlobalSection
	GlobalSection(SolutionProperties) = preSolution
		HideSolutionNode = FALSE
	EndGlobalSection
	GlobalSection(ExtensibilityGlobals) = postSolution
		SolutionGuid = {264023FF-CE73-4E4C-BDA6-0535603C00E9}
	EndGlobalSection
EndGlobal
