
Microsoft Visual Studio Solution File, Format Version 12.00
# Visual Studio Version 16
VisualStudioVersion = 16.0.28803.452
MinimumVisualStudioVersion = 10.0.40219.1
Project("{FAE04EC0-301F-11D3-BF4B-00C04F79EFBC}") = "BdService", "BdService\BdService.csproj", "{50B798D6-C07D-4DC1-BB64-12F90E272894}"
EndProject
Global
	GlobalSection(SolutionConfigurationPlatforms) = preSolution
		Debug|Any CPU = Debug|Any CPU
		Release|Any CPU = Release|Any CPU
	EndGlobalSection
	GlobalSection(ProjectConfigurationPlatforms) = postSolution
		{50B798D6-C07D-4DC1-BB64-12F90E272894}.Debug|Any CPU.ActiveCfg = Debug|Any CPU
		{50B798D6-C07D-4DC1-BB64-12F90E272894}.Debug|Any CPU.Build.0 = Debug|Any CPU
		{50B798D6-C07D-4DC1-BB64-12F90E272894}.Release|Any CPU.ActiveCfg = Release|Any CPU
		{50B798D6-C07D-4DC1-BB64-12F90E272894}.Release|Any CPU.Build.0 = Release|Any CPU
	EndGlobalSection
	GlobalSection(SolutionProperties) = preSolution
		HideSolutionNode = FALSE
	EndGlobalSection
	GlobalSection(ExtensibilityGlobals) = postSolution
		SolutionGuid = {1FA9AD70-207B-499F-A21F-76CD8456243C}
	EndGlobalSection
EndGlobal
